
Microsoft Visual Studio Solution File, Format Version 12.00
# Visual Studio 15
Project("{FAE04EC0-301F-11D3-BF4B-00C04F79EFBC}") = "WebApi_Crud_Example", "WebApi_Crud_Example\WebApi_Crud_Example.csproj", "{76632EDA-8F55-4EFB-B558-BBA83C070F4F}"
EndProject
Global
	GlobalSection(SolutionConfigurationPlatforms) = preSolution
		Debug|Any CPU = Debug|Any CPU
		Release|Any CPU = Release|Any CPU
	EndGlobalSection
	GlobalSection(ProjectConfigurationPlatforms) = postSolution
		{76632EDA-8F55-4EFB-B558-BBA83C070F4F}.Debug|Any CPU.ActiveCfg = Debug|Any CPU
		{76632EDA-8F55-4EFB-B558-BBA83C070F4F}.Debug|Any CPU.Build.0 = Debug|Any CPU
		{76632EDA-8F55-4EFB-B558-BBA83C070F4F}.Release|Any CPU.ActiveCfg = Release|Any CPU
		{76632EDA-8F55-4EFB-B558-BBA83C070F4F}.Release|Any CPU.Build.0 = Release|Any CPU
	EndGlobalSection
EndGlobal
